// !$*UTF8*$!
{
	archiveVersion = 1;
	classes = {
	};
	objectVersion = 50;
	objects = {

/* Begin PBXBuildFile section */
		646481E723241A29007581D9 /* AppDelegate.swift in Sources */ = {isa = PBXBuildFile; fileRef = 646481E623241A29007581D9 /* AppDelegate.swift */; };
		646481E923241A29007581D9 /* art.scnassets in Resources */ = {isa = PBXBuildFile; fileRef = 646481E823241A29007581D9 /* art.scnassets */; };
		646481EB23241A29007581D9 /* ViewController.swift in Sources */ = {isa = PBXBuildFile; fileRef = 646481EA23241A29007581D9 /* ViewController.swift */; };
		646481EE23241A29007581D9 /* Main.storyboard in Resources */ = {isa = PBXBuildFile; fileRef = 646481EC23241A29007581D9 /* Main.storyboard */; };
		646481F023241A2A007581D9 /* Assets.xcassets in Resources */ = {isa = PBXBuildFile; fileRef = 646481EF23241A2A007581D9 /* Assets.xcassets */; };
		646481F323241A2A007581D9 /* LaunchScreen.storyboard in Resources */ = {isa = PBXBuildFile; fileRef = 646481F123241A2A007581D9 /* LaunchScreen.storyboard */; };
		646481FC23242A6B007581D9 /* Plane.swift in Sources */ = {isa = PBXBuildFile; fileRef = 646481FB23242A6B007581D9 /* Plane.swift */; };
		646481FF23242BA0007581D9 /* HoverScene.swift in Sources */ = {isa = PBXBuildFile; fileRef = 646481FE23242BA0007581D9 /* HoverScene.swift */; };
		6464820523242FCC007581D9 /* plane_grid.png in Resources */ = {isa = PBXBuildFile; fileRef = 6464820423242FCB007581D9 /* plane_grid.png */; };
/* End PBXBuildFile section */

/* Begin PBXFileReference section */
		646481E323241A29007581D9 /* DVFoodhack-artest.app */ = {isa = PBXFileReference; explicitFileType = wrapper.application; includeInIndex = 0; path = "DVFoodhack-artest.app"; sourceTree = BUILT_PRODUCTS_DIR; };
		646481E623241A29007581D9 /* AppDelegate.swift */ = {isa = PBXFileReference; lastKnownFileType = sourcecode.swift; path = AppDelegate.swift; sourceTree = "<group>"; };
		646481E823241A29007581D9 /* art.scnassets */ = {isa = PBXFileReference; lastKnownFileType = wrapper.scnassets; path = art.scnassets; sourceTree = "<group>"; };
		646481EA23241A29007581D9 /* ViewController.swift */ = {isa = PBXFileReference; lastKnownFileType = sourcecode.swift; path = ViewController.swift; sourceTree = "<group>"; };
		646481ED23241A29007581D9 /* Base */ = {isa = PBXFileReference; lastKnownFileType = file.storyboard; name = Base; path = Base.lproj/Main.storyboard; sourceTree = "<group>"; };
		646481EF23241A2A007581D9 /* Assets.xcassets */ = {isa = PBXFileReference; lastKnownFileType = folder.assetcatalog; path = Assets.xcassets; sourceTree = "<group>"; };
		646481F223241A2A007581D9 /* Base */ = {isa = PBXFileReference; lastKnownFileType = file.storyboard; name = Base; path = Base.lproj/LaunchScreen.storyboard; sourceTree = "<group>"; };
		646481F423241A2A007581D9 /* Info.plist */ = {isa = PBXFileReference; lastKnownFileType = text.plist.xml; path = Info.plist; sourceTree = "<group>"; };
		646481FB23242A6B007581D9 /* Plane.swift */ = {isa = PBXFileReference; lastKnownFileType = sourcecode.swift; path = Plane.swift; sourceTree = "<group>"; };
		646481FE23242BA0007581D9 /* HoverScene.swift */ = {isa = PBXFileReference; lastKnownFileType = sourcecode.swift; path = HoverScene.swift; sourceTree = "<group>"; };
		6464820423242FCB007581D9 /* plane_grid.png */ = {isa = PBXFileReference; lastKnownFileType = image.png; name = plane_grid.png; path = Plane/plane_grid.png; sourceTree = "<group>"; };
/* End PBXFileReference section */

/* Begin PBXFrameworksBuildPhase section */
		646481E023241A29007581D9 /* Frameworks */ = {
			isa = PBXFrameworksBuildPhase;
			buildActionMask = 2147483647;
			files = (
			);
			runOnlyForDeploymentPostprocessing = 0;
		};
/* End PBXFrameworksBuildPhase section */

/* Begin PBXGroup section */
		646481DA23241A29007581D9 = {
			isa = PBXGroup;
			children = (
				646481E523241A29007581D9 /* DVFoodhack-artest */,
				646481E423241A29007581D9 /* Products */,
			);
			sourceTree = "<group>";
		};
		646481E423241A29007581D9 /* Products */ = {
			isa = PBXGroup;
			children = (
				646481E323241A29007581D9 /* DVFoodhack-artest.app */,
			);
			name = Products;
			sourceTree = "<group>";
		};
		646481E523241A29007581D9 /* DVFoodhack-artest */ = {
			isa = PBXGroup;
			children = (
				6464820223242EB0007581D9 /* Models */,
				646481FD23242B8C007581D9 /* Scenes */,
				646481FA23242A47007581D9 /* Objects */,
				646481E623241A29007581D9 /* AppDelegate.swift */,
				646481E823241A29007581D9 /* art.scnassets */,
				646481EA23241A29007581D9 /* ViewController.swift */,
				646481EC23241A29007581D9 /* Main.storyboard */,
				646481EF23241A2A007581D9 /* Assets.xcassets */,
				646481F123241A2A007581D9 /* LaunchScreen.storyboard */,
				646481F423241A2A007581D9 /* Info.plist */,
			);
			path = "DVFoodhack-artest";
			sourceTree = "<group>";
		};
		646481FA23242A47007581D9 /* Objects */ = {
			isa = PBXGroup;
			children = (
				646481FB23242A6B007581D9 /* Plane.swift */,
			);
			path = Objects;
			sourceTree = "<group>";
		};
		646481FD23242B8C007581D9 /* Scenes */ = {
			isa = PBXGroup;
			children = (
				646481FE23242BA0007581D9 /* HoverScene.swift */,
			);
			path = Scenes;
			sourceTree = "<group>";
		};
		6464820223242EB0007581D9 /* Models */ = {
			isa = PBXGroup;
			children = (
				6464820423242FCB007581D9 /* plane_grid.png */,
			);
			path = Models;
			sourceTree = "<group>";
		};
/* End PBXGroup section */

/* Begin PBXNativeTarget section */
		646481E223241A29007581D9 /* DVFoodhack-artest */ = {
			isa = PBXNativeTarget;
			buildConfigurationList = 646481F723241A2A007581D9 /* Build configuration list for PBXNativeTarget "DVFoodhack-artest" */;
			buildPhases = (
				646481DF23241A29007581D9 /* Sources */,
				646481E023241A29007581D9 /* Frameworks */,
				646481E123241A29007581D9 /* Resources */,
			);
			buildRules = (
			);
			dependencies = (
			);
			name = "DVFoodhack-artest";
			productName = "DVFoodhack-artest";
			productReference = 646481E323241A29007581D9 /* DVFoodhack-artest.app */;
			productType = "com.apple.product-type.application";
		};
/* End PBXNativeTarget section */

/* Begin PBXProject section */
		646481DB23241A29007581D9 /* Project object */ = {
			isa = PBXProject;
			attributes = {
				LastSwiftUpdateCheck = 1030;
				LastUpgradeCheck = 1030;
				ORGANIZATIONNAME = "Felix Lachenmaier";
				TargetAttributes = {
					646481E223241A29007581D9 = {
						CreatedOnToolsVersion = 10.3;
					};
				};
			};
			buildConfigurationList = 646481DE23241A29007581D9 /* Build configuration list for PBXProject "DVFoodhack-artest" */;
			compatibilityVersion = "Xcode 9.3";
			developmentRegion = en;
			hasScannedForEncodings = 0;
			knownRegions = (
				en,
				Base,
			);
			mainGroup = 646481DA23241A29007581D9;
			productRefGroup = 646481E423241A29007581D9 /* Products */;
			projectDirPath = "";
			projectRoot = "";
			targets = (
				646481E223241A29007581D9 /* DVFoodhack-artest */,
			);
		};
/* End PBXProject section */

/* Begin PBXResourcesBuildPhase section */
		646481E123241A29007581D9 /* Resources */ = {
			isa = PBXResourcesBuildPhase;
			buildActionMask = 2147483647;
			files = (
				646481E923241A29007581D9 /* art.scnassets in Resources */,
				646481F323241A2A007581D9 /* LaunchScreen.storyboard in Resources */,
				6464820523242FCC007581D9 /* plane_grid.png in Resources */,
				646481F023241A2A007581D9 /* Assets.xcassets in Resources */,
				646481EE23241A29007581D9 /* Main.storyboard in Resources */,
			);
			runOnlyForDeploymentPostprocessing = 0;
		};
/* End PBXResourcesBuildPhase section */

/* Begin PBXSourcesBuildPhase section */
		646481DF23241A29007581D9 /* Sources */ = {
			isa = PBXSourcesBuildPhase;
			buildActionMask = 2147483647;
			files = (
				646481EB23241A29007581D9 /* ViewController.swift in Sources */,
				646481FF23242BA0007581D9 /* HoverScene.swift in Sources */,
				646481FC23242A6B007581D9 /* Plane.swift in Sources */,
				646481E723241A29007581D9 /* AppDelegate.swift in Sources */,
			);
			runOnlyForDeploymentPostprocessing = 0;
		};
/* End PBXSourcesBuildPhase section */

/* Begin PBXVariantGroup section */
		646481EC23241A29007581D9 /* Main.storyboard */ = {
			isa = PBXVariantGroup;
			children = (
				646481ED23241A29007581D9 /* Base */,
			);
			name = Main.storyboard;
			sourceTree = "<group>";
		};
		646481F123241A2A007581D9 /* LaunchScreen.storyboard */ = {
			isa = PBXVariantGroup;
			children = (
				646481F223241A2A007581D9 /* Base */,
			);
			name = LaunchScreen.storyboard;
			sourceTree = "<group>";
		};
/* End PBXVariantGroup section */

/* Begin XCBuildConfiguration section */
		646481F523241A2A007581D9 /* Debug */ = {
			isa = XCBuildConfiguration;
			buildSettings = {
				ALWAYS_SEARCH_USER_PATHS = NO;
				CLANG_ANALYZER_NONNULL = YES;
				CLANG_ANALYZER_NUMBER_OBJECT_CONVERSION = YES_AGGRESSIVE;
				CLANG_CXX_LANGUAGE_STANDARD = "gnu++14";
				CLANG_CXX_LIBRARY = "libc++";
				CLANG_ENABLE_MODULES = YES;
				CLANG_ENABLE_OBJC_ARC = YES;
				CLANG_ENABLE_OBJC_WEAK = YES;
				CLANG_WARN_BLOCK_CAPTURE_AUTORELEASING = YES;
				CLANG_WARN_BOOL_CONVERSION = YES;
				CLANG_WARN_COMMA = YES;
				CLANG_WARN_CONSTANT_CONVERSION = YES;
				CLANG_WARN_DEPRECATED_OBJC_IMPLEMENTATIONS = YES;
				CLANG_WARN_DIRECT_OBJC_ISA_USAGE = YES_ERROR;
				CLANG_WARN_DOCUMENTATION_COMMENTS = YES;
				CLANG_WARN_EMPTY_BODY = YES;
				CLANG_WARN_ENUM_CONVERSION = YES;
				CLANG_WARN_INFINITE_RECURSION = YES;
				CLANG_WARN_INT_CONVERSION = YES;
				CLANG_WARN_NON_LITERAL_NULL_CONVERSION = YES;
				CLANG_WARN_OBJC_IMPLICIT_RETAIN_SELF = YES;
				CLANG_WARN_OBJC_LITERAL_CONVERSION = YES;
				CLANG_WARN_OBJC_ROOT_CLASS = YES_ERROR;
				CLANG_WARN_RANGE_LOOP_ANALYSIS = YES;
				CLANG_WARN_STRICT_PROTOTYPES = YES;
				CLANG_WARN_SUSPICIOUS_MOVE = YES;
				CLANG_WARN_UNGUARDED_AVAILABILITY = YES_AGGRESSIVE;
				CLANG_WARN_UNREACHABLE_CODE = YES;
				CLANG_WARN__DUPLICATE_METHOD_MATCH = YES;
				CODE_SIGN_IDENTITY = "iPhone Developer";
				COPY_PHASE_STRIP = NO;
				DEBUG_INFORMATION_FORMAT = dwarf;
				ENABLE_STRICT_OBJC_MSGSEND = YES;
				ENABLE_TESTABILITY = YES;
				GCC_C_LANGUAGE_STANDARD = gnu11;
				GCC_DYNAMIC_NO_PIC = NO;
				GCC_NO_COMMON_BLOCKS = YES;
				GCC_OPTIMIZATION_LEVEL = 0;
				GCC_PREPROCESSOR_DEFINITIONS = (
					"DEBUG=1",
					"$(inherited)",
				);
				GCC_WARN_64_TO_32_BIT_CONVERSION = YES;
				GCC_WARN_ABOUT_RETURN_TYPE = YES_ERROR;
				GCC_WARN_UNDECLARED_SELECTOR = YES;
				GCC_WARN_UNINITIALIZED_AUTOS = YES_AGGRESSIVE;
				GCC_WARN_UNUSED_FUNCTION = YES;
				GCC_WARN_UNUSED_VARIABLE = YES;
				IPHONEOS_DEPLOYMENT_TARGET = 12.4;
				MTL_ENABLE_DEBUG_INFO = INCLUDE_SOURCE;
				MTL_FAST_MATH = YES;
				ONLY_ACTIVE_ARCH = YES;
				SDKROOT = iphoneos;
				SWIFT_ACTIVE_COMPILATION_CONDITIONS = DEBUG;
				SWIFT_OPTIMIZATION_LEVEL = "-Onone";
			};
			name = Debug;
		};
		646481F623241A2A007581D9 /* Release */ = {
			isa = XCBuildConfiguration;
			buildSettings = {
				ALWAYS_SEARCH_USER_PATHS = NO;
				CLANG_ANALYZER_NONNULL = YES;
				CLANG_ANALYZER_NUMBER_OBJECT_CONVERSION = YES_AGGRESSIVE;
				CLANG_CXX_LANGUAGE_STANDARD = "gnu++14";
				CLANG_CXX_LIBRARY = "libc++";
				CLANG_ENABLE_MODULES = YES;
				CLANG_ENABLE_OBJC_ARC = YES;
				CLANG_ENABLE_OBJC_WEAK = YES;
				CLANG_WARN_BLOCK_CAPTURE_AUTORELEASING = YES;
				CLANG_WARN_BOOL_CONVERSION = YES;
				CLANG_WARN_COMMA = YES;
				CLANG_WARN_CONSTANT_CONVERSION = YES;
				CLANG_WARN_DEPRECATED_OBJC_IMPLEMENTATIONS = YES;
				CLANG_WARN_DIRECT_OBJC_ISA_USAGE = YES_ERROR;
				CLANG_WARN_DOCUMENTATION_COMMENTS = YES;
				CLANG_WARN_EMPTY_BODY = YES;
				CLANG_WARN_ENUM_CONVERSION = YES;
				CLANG_WARN_INFINITE_RECURSION = YES;
				CLANG_WARN_INT_CONVERSION = YES;
				CLANG_WARN_NON_LITERAL_NULL_CONVERSION = YES;
				CLANG_WARN_OBJC_IMPLICIT_RETAIN_SELF = YES;
				CLANG_WARN_OBJC_LITERAL_CONVERSION = YES;
				CLANG_WARN_OBJC_ROOT_CLASS = YES_ERROR;
				CLANG_WARN_RANGE_LOOP_ANALYSIS = YES;
				CLANG_WARN_STRICT_PROTOTYPES = YES;
				CLANG_WARN_SUSPICIOUS_MOVE = YES;
				CLANG_WARN_UNGUARDED_AVAILABILITY = YES_AGGRESSIVE;
				CLANG_WARN_UNREACHABLE_CODE = YES;
				CLANG_WARN__DUPLICATE_METHOD_MATCH = YES;
				CODE_SIGN_IDENTITY = "iPhone Developer";
				COPY_PHASE_STRIP = NO;
				DEBUG_INFORMATION_FORMAT = "dwarf-with-dsym";
				ENABLE_NS_ASSERTIONS = NO;
				ENABLE_STRICT_OBJC_MSGSEND = YES;
				GCC_C_LANGUAGE_STANDARD = gnu11;
				GCC_NO_COMMON_BLOCKS = YES;
				GCC_WARN_64_TO_32_BIT_CONVERSION = YES;
				GCC_WARN_ABOUT_RETURN_TYPE = YES_ERROR;
				GCC_WARN_UNDECLARED_SELECTOR = YES;
				GCC_WARN_UNINITIALIZED_AUTOS = YES_AGGRESSIVE;
				GCC_WARN_UNUSED_FUNCTION = YES;
				GCC_WARN_UNUSED_VARIABLE = YES;
				IPHONEOS_DEPLOYMENT_TARGET = 12.4;
				MTL_ENABLE_DEBUG_INFO = NO;
				MTL_FAST_MATH = YES;
				SDKROOT = iphoneos;
				SWIFT_COMPILATION_MODE = wholemodule;
				SWIFT_OPTIMIZATION_LEVEL = "-O";
				VALIDATE_PRODUCT = YES;
			};
			name = Release;
		};
		646481F823241A2A007581D9 /* Debug */ = {
			isa = XCBuildConfiguration;
			buildSettings = {
				ASSETCATALOG_COMPILER_APPICON_NAME = AppIcon;
				CODE_SIGN_STYLE = Automatic;
				DEVELOPMENT_TEAM = 85C9KM32UF;
				INFOPLIST_FILE = "DVFoodhack-artest/Info.plist";
				LD_RUNPATH_SEARCH_PATHS = (
					"$(inherited)",
					"@executable_path/Frameworks",
				);
				PRODUCT_BUNDLE_IDENTIFIER = "project-lary.DVFoodhack-artest";
				PRODUCT_NAME = "$(TARGET_NAME)";
				SWIFT_VERSION = 5.0;
				TARGETED_DEVICE_FAMILY = "1,2";
			};
			name = Debug;
		};
		646481F923241A2A007581D9 /* Release */ = {
			isa = XCBuildConfiguration;
			buildSettings = {
				ASSETCATALOG_COMPILER_APPICON_NAME = AppIcon;
				CODE_SIGN_STYLE = Automatic;
				DEVELOPMENT_TEAM = 85C9KM32UF;
				INFOPLIST_FILE = "DVFoodhack-artest/Info.plist";
				LD_RUNPATH_SEARCH_PATHS = (
					"$(inherited)",
					"@executable_path/Frameworks",
				);
				PRODUCT_BUNDLE_IDENTIFIER = "project-lary.DVFoodhack-artest";
				PRODUCT_NAME = "$(TARGET_NAME)";
				SWIFT_VERSION = 5.0;
				TARGETED_DEVICE_FAMILY = "1,2";
			};
			name = Release;
		};
/* End XCBuildConfiguration section */

/* Begin XCConfigurationList section */
		646481DE23241A29007581D9 /* Build configuration list for PBXProject "DVFoodhack-artest" */ = {
			isa = XCConfigurationList;
			buildConfigurations = (
				646481F523241A2A007581D9 /* Debug */,
				646481F623241A2A007581D9 /* Release */,
			);
			defaultConfigurationIsVisible = 0;
			defaultConfigurationName = Release;
		};
		646481F723241A2A007581D9 /* Build configuration list for PBXNativeTarget "DVFoodhack-artest" */ = {
			isa = XCConfigurationList;
			buildConfigurations = (
				646481F823241A2A007581D9 /* Debug */,
				646481F923241A2A007581D9 /* Release */,
			);
			defaultConfigurationIsVisible = 0;
			defaultConfigurationName = Release;
		};
/* End XCConfigurationList section */
	};
	rootObject = 646481DB23241A29007581D9 /* Project object */;
}
